
Microsoft Visual Studio Solution File, Format Version 12.00
# Visual Studio Version 17
VisualStudioVersion = 17.9.34622.214
MinimumVisualStudioVersion = 10.0.40219.1
Project("{FAE04EC0-301F-11D3-BF4B-00C04F79EFBC}") = "OpenTelemetryTesting", "OpenTelemetryTesting\OpenTelemetryTesting.csproj", "{48EC7217-5EA9-401B-931F-9CE0246E3594}"
EndProject
Project("{FAE04EC0-301F-11D3-BF4B-00C04F79EFBC}") = "SubLibrary", "SubLibrary\SubLibrary.csproj", "{9678D9C0-DCB6-43F8-BC15-DCA766A14483}"
EndProject
Global
	GlobalSection(SolutionConfigurationPlatforms) = preSolution
		Debug|Any CPU = Debug|Any CPU
		Release|Any CPU = Release|Any CPU
	EndGlobalSection
	GlobalSection(ProjectConfigurationPlatforms) = postSolution
		{48EC7217-5EA9-401B-931F-9CE0246E3594}.Debug|Any CPU.ActiveCfg = Debug|Any CPU
		{48EC7217-5EA9-401B-931F-9CE0246E3594}.Debug|Any CPU.Build.0 = Debug|Any CPU
		{48EC7217-5EA9-401B-931F-9CE0246E3594}.Release|Any CPU.ActiveCfg = Release|Any CPU
		{48EC7217-5EA9-401B-931F-9CE0246E3594}.Release|Any CPU.Build.0 = Release|Any CPU
		{9678D9C0-DCB6-43F8-BC15-DCA766A14483}.Debug|Any CPU.ActiveCfg = Debug|Any CPU
		{9678D9C0-DCB6-43F8-BC15-DCA766A14483}.Debug|Any CPU.Build.0 = Debug|Any CPU
		{9678D9C0-DCB6-43F8-BC15-DCA766A14483}.Release|Any CPU.ActiveCfg = Release|Any CPU
		{9678D9C0-DCB6-43F8-BC15-DCA766A14483}.Release|Any CPU.Build.0 = Release|Any CPU
	EndGlobalSection
	GlobalSection(SolutionProperties) = preSolution
		HideSolutionNode = FALSE
	EndGlobalSection
	GlobalSection(ExtensibilityGlobals) = postSolution
		SolutionGuid = {7791702D-FE7A-4111-9301-A92F6CEE32AE}
	EndGlobalSection
EndGlobal
